
Microsoft Visual Studio Solution File, Format Version 12.00
# Visual Studio 15
VisualStudioVersion = 15.0.27130.2020
MinimumVisualStudioVersion = 10.0.40219.1
Project("{FAE04EC0-301F-11D3-BF4B-00C04F79EFBC}") = "ReduxSimple", "ReduxSimple\ReduxSimple.csproj", "{BD02F8DB-A1E4-409C-9D69-3DFB2E84E786}"
EndProject
Global
	GlobalSection(SolutionConfigurationPlatforms) = preSolution
		Debug|Any CPU = Debug|Any CPU
		Release|Any CPU = Release|Any CPU
	EndGlobalSection
	GlobalSection(ProjectConfigurationPlatforms) = postSolution
		{BD02F8DB-A1E4-409C-9D69-3DFB2E84E786}.Debug|Any CPU.ActiveCfg = Debug|Any CPU
		{BD02F8DB-A1E4-409C-9D69-3DFB2E84E786}.Debug|Any CPU.Build.0 = Debug|Any CPU
		{BD02F8DB-A1E4-409C-9D69-3DFB2E84E786}.Release|Any CPU.ActiveCfg = Release|Any CPU
		{BD02F8DB-A1E4-409C-9D69-3DFB2E84E786}.Release|Any CPU.Build.0 = Release|Any CPU
	EndGlobalSection
	GlobalSection(SolutionProperties) = preSolution
		HideSolutionNode = FALSE
	EndGlobalSection
	GlobalSection(ExtensibilityGlobals) = postSolution
		SolutionGuid = {C169837F-C4D7-45A5-AEDF-D2109C99946E}
	EndGlobalSection
EndGlobal
